// !$*UTF8*$!
{
	archiveVersion = 1;
	classes = {
	};
	objectVersion = 46;
	objects = {

/* Begin PBXBuildFile section */
		4CA95C961BCAF68100AD6D7C /* AppDelegate.m in Sources */ = {isa = PBXBuildFile; fileRef = 4CA95C951BCAF68100AD6D7C /* AppDelegate.m */; };
		4CA95C981BCAF68100AD6D7C /* main.m in Sources */ = {isa = PBXBuildFile; fileRef = 4CA95C971BCAF68100AD6D7C /* main.m */; };
		4CA95C9A1BCAF68100AD6D7C /* Images.xcassets in Resources */ = {isa = PBXBuildFile; fileRef = 4CA95C991BCAF68100AD6D7C /* Images.xcassets */; };
		4CA95C9D1BCAF68100AD6D7C /* MainMenu.xib in Resources */ = {isa = PBXBuildFile; fileRef = 4CA95C9B1BCAF68100AD6D7C /* MainMenu.xib */; };
		4CA95CA91BCAF68100AD6D7C /* TrackMixTests.m in Sources */ = {isa = PBXBuildFile; fileRef = 4CA95CA81BCAF68100AD6D7C /* TrackMixTests.m */; };
/* End PBXBuildFile section */

/* Begin PBXContainerItemProxy section */
		4CA95CA31BCAF68100AD6D7C /* PBXContainerItemProxy */ = {
			isa = PBXContainerItemProxy;
			containerPortal = 4CA95C871BCAF68100AD6D7C /* Project object */;
			proxyType = 1;
			remoteGlobalIDString = 4CA95C8E1BCAF68100AD6D7C;
			remoteInfo = TrackMix;
		};
/* End PBXContainerItemProxy section */

/* Begin PBXFileReference section */
		4CA95C8F1BCAF68100AD6D7C /* TrackMix.app */ = {isa = PBXFileReference; explicitFileType = wrapper.application; includeInIndex = 0; path = TrackMix.app; sourceTree = BUILT_PRODUCTS_DIR; };
		4CA95C931BCAF68100AD6D7C /* Info.plist */ = {isa = PBXFileReference; lastKnownFileType = text.plist.xml; path = Info.plist; sourceTree = "<group>"; };
		4CA95C941BCAF68100AD6D7C /* AppDelegate.h */ = {isa = PBXFileReference; lastKnownFileType = sourcecode.c.h; path = AppDelegate.h; sourceTree = "<group>"; };
		4CA95C951BCAF68100AD6D7C /* AppDelegate.m */ = {isa = PBXFileReference; lastKnownFileType = sourcecode.c.objc; path = AppDelegate.m; sourceTree = "<group>"; };
		4CA95C971BCAF68100AD6D7C /* main.m */ = {isa = PBXFileReference; lastKnownFileType = sourcecode.c.objc; path = main.m; sourceTree = "<group>"; };
		4CA95C991BCAF68100AD6D7C /* Images.xcassets */ = {isa = PBXFileReference; lastKnownFileType = folder.assetcatalog; path = Images.xcassets; sourceTree = "<group>"; };
		4CA95C9C1BCAF68100AD6D7C /* Base */ = {isa = PBXFileReference; lastKnownFileType = file.xib; name = Base; path = Base.lproj/MainMenu.xib; sourceTree = "<group>"; };
		4CA95CA21BCAF68100AD6D7C /* TrackMixTests.xctest */ = {isa = PBXFileReference; explicitFileType = wrapper.cfbundle; includeInIndex = 0; path = TrackMixTests.xctest; sourceTree = BUILT_PRODUCTS_DIR; };
		4CA95CA71BCAF68100AD6D7C /* Info.plist */ = {isa = PBXFileReference; lastKnownFileType = text.plist.xml; path = Info.plist; sourceTree = "<group>"; };
		4CA95CA81BCAF68100AD6D7C /* TrackMixTests.m */ = {isa = PBXFileReference; lastKnownFileType = sourcecode.c.objc; path = TrackMixTests.m; sourceTree = "<group>"; };
/* End PBXFileReference section */

/* Begin PBXFrameworksBuildPhase section */
		4CA95C8C1BCAF68100AD6D7C /* Frameworks */ = {
			isa = PBXFrameworksBuildPhase;
			buildActionMask = 2147483647;
			files = (
			);
			runOnlyForDeploymentPostprocessing = 0;
		};
		4CA95C9F1BCAF68100AD6D7C /* Frameworks */ = {
			isa = PBXFrameworksBuildPhase;
			buildActionMask = 2147483647;
			files = (
			);
			runOnlyForDeploymentPostprocessing = 0;
		};
/* End PBXFrameworksBuildPhase section */

/* Begin PBXGroup section */
		4CA95C861BCAF68100AD6D7C = {
			isa = PBXGroup;
			children = (
				4CA95C911BCAF68100AD6D7C /* TrackMix */,
				4CA95CA51BCAF68100AD6D7C /* TrackMixTests */,
				4CA95C901BCAF68100AD6D7C /* Products */,
			);
			sourceTree = "<group>";
		};
		4CA95C901BCAF68100AD6D7C /* Products */ = {
			isa = PBXGroup;
			children = (
				4CA95C8F1BCAF68100AD6D7C /* TrackMix.app */,
				4CA95CA21BCAF68100AD6D7C /* TrackMixTests.xctest */,
			);
			name = Products;
			sourceTree = "<group>";
		};
		4CA95C911BCAF68100AD6D7C /* TrackMix */ = {
			isa = PBXGroup;
			children = (
				4CA95C941BCAF68100AD6D7C /* AppDelegate.h */,
				4CA95C951BCAF68100AD6D7C /* AppDelegate.m */,
				4CA95C991BCAF68100AD6D7C /* Images.xcassets */,
				4CA95C9B1BCAF68100AD6D7C /* MainMenu.xib */,
				4CA95C921BCAF68100AD6D7C /* Supporting Files */,
			);
			path = TrackMix;
			sourceTree = "<group>";
		};
		4CA95C921BCAF68100AD6D7C /* Supporting Files */ = {
			isa = PBXGroup;
			children = (
				4CA95C931BCAF68100AD6D7C /* Info.plist */,
				4CA95C971BCAF68100AD6D7C /* main.m */,
			);
			name = "Supporting Files";
			sourceTree = "<group>";
		};
		4CA95CA51BCAF68100AD6D7C /* TrackMixTests */ = {
			isa = PBXGroup;
			children = (
				4CA95CA81BCAF68100AD6D7C /* TrackMixTests.m */,
				4CA95CA61BCAF68100AD6D7C /* Supporting Files */,
			);
			path = TrackMixTests;
			sourceTree = "<group>";
		};
		4CA95CA61BCAF68100AD6D7C /* Supporting Files */ = {
			isa = PBXGroup;
			children = (
				4CA95CA71BCAF68100AD6D7C /* Info.plist */,
			);
			name = "Supporting Files";
			sourceTree = "<group>";
		};
/* End PBXGroup section */

/* Begin PBXNativeTarget section */
		4CA95C8E1BCAF68100AD6D7C /* TrackMix */ = {
			isa = PBXNativeTarget;
			buildConfigurationList = 4CA95CAC1BCAF68100AD6D7C /* Build configuration list for PBXNativeTarget "TrackMix" */;
			buildPhases = (
				4CA95C8B1BCAF68100AD6D7C /* Sources */,
				4CA95C8C1BCAF68100AD6D7C /* Frameworks */,
				4CA95C8D1BCAF68100AD6D7C /* Resources */,
			);
			buildRules = (
			);
			dependencies = (
			);
			name = TrackMix;
			productName = TrackMix;
			productReference = 4CA95C8F1BCAF68100AD6D7C /* TrackMix.app */;
			productType = "com.apple.product-type.application";
		};
		4CA95CA11BCAF68100AD6D7C /* TrackMixTests */ = {
			isa = PBXNativeTarget;
			buildConfigurationList = 4CA95CAF1BCAF68100AD6D7C /* Build configuration list for PBXNativeTarget "TrackMixTests" */;
			buildPhases = (
				4CA95C9E1BCAF68100AD6D7C /* Sources */,
				4CA95C9F1BCAF68100AD6D7C /* Frameworks */,
				4CA95CA01BCAF68100AD6D7C /* Resources */,
			);
			buildRules = (
			);
			dependencies = (
				4CA95CA41BCAF68100AD6D7C /* PBXTargetDependency */,
			);
			name = TrackMixTests;
			productName = TrackMixTests;
			productReference = 4CA95CA21BCAF68100AD6D7C /* TrackMixTests.xctest */;
			productType = "com.apple.product-type.bundle.unit-test";
		};
/* End PBXNativeTarget section */

/* Begin PBXProject section */
		4CA95C871BCAF68100AD6D7C /* Project object */ = {
			isa = PBXProject;
			attributes = {
				LastUpgradeCheck = 0640;
				ORGANIZATIONNAME = "Jessica Rudder";
				TargetAttributes = {
					4CA95C8E1BCAF68100AD6D7C = {
						CreatedOnToolsVersion = 6.4;
					};
					4CA95CA11BCAF68100AD6D7C = {
						CreatedOnToolsVersion = 6.4;
						TestTargetID = 4CA95C8E1BCAF68100AD6D7C;
					};
				};
			};
			buildConfigurationList = 4CA95C8A1BCAF68100AD6D7C /* Build configuration list for PBXProject "TrackMix" */;
			compatibilityVersion = "Xcode 3.2";
			developmentRegion = English;
			hasScannedForEncodings = 0;
			knownRegions = (
				en,
				Base,
			);
			mainGroup = 4CA95C861BCAF68100AD6D7C;
			productRefGroup = 4CA95C901BCAF68100AD6D7C /* Products */;
			projectDirPath = "";
			projectRoot = "";
			targets = (
				4CA95C8E1BCAF68100AD6D7C /* TrackMix */,
				4CA95CA11BCAF68100AD6D7C /* TrackMixTests */,
			);
		};
/* End PBXProject section */

/* Begin PBXResourcesBuildPhase section */
		4CA95C8D1BCAF68100AD6D7C /* Resources */ = {
			isa = PBXResourcesBuildPhase;
			buildActionMask = 2147483647;
			files = (
				4CA95C9A1BCAF68100AD6D7C /* Images.xcassets in Resources */,
				4CA95C9D1BCAF68100AD6D7C /* MainMenu.xib in Resources */,
			);
			runOnlyForDeploymentPostprocessing = 0;
		};
		4CA95CA01BCAF68100AD6D7C /* Resources */ = {
			isa = PBXResourcesBuildPhase;
			buildActionMask = 2147483647;
			files = (
			);
			runOnlyForDeploymentPostprocessing = 0;
		};
/* End PBXResourcesBuildPhase section */

/* Begin PBXSourcesBuildPhase section */
		4CA95C8B1BCAF68100AD6D7C /* Sources */ = {
			isa = PBXSourcesBuildPhase;
			buildActionMask = 2147483647;
			files = (
				4CA95C981BCAF68100AD6D7C /* main.m in Sources */,
				4CA95C961BCAF68100AD6D7C /* AppDelegate.m in Sources */,
			);
			runOnlyForDeploymentPostprocessing = 0;
		};
		4CA95C9E1BCAF68100AD6D7C /* Sources */ = {
			isa = PBXSourcesBuildPhase;
			buildActionMask = 2147483647;
			files = (
				4CA95CA91BCAF68100AD6D7C /* TrackMixTests.m in Sources */,
			);
			runOnlyForDeploymentPostprocessing = 0;
		};
/* End PBXSourcesBuildPhase section */

/* Begin PBXTargetDependency section */
		4CA95CA41BCAF68100AD6D7C /* PBXTargetDependency */ = {
			isa = PBXTargetDependency;
			target = 4CA95C8E1BCAF68100AD6D7C /* TrackMix */;
			targetProxy = 4CA95CA31BCAF68100AD6D7C /* PBXContainerItemProxy */;
		};
/* End PBXTargetDependency section */

/* Begin PBXVariantGroup section */
		4CA95C9B1BCAF68100AD6D7C /* MainMenu.xib */ = {
			isa = PBXVariantGroup;
			children = (
				4CA95C9C1BCAF68100AD6D7C /* Base */,
			);
			name = MainMenu.xib;
			sourceTree = "<group>";
		};
/* End PBXVariantGroup section */

/* Begin XCBuildConfiguration section */
		4CA95CAA1BCAF68100AD6D7C /* Debug */ = {
			isa = XCBuildConfiguration;
			buildSettings = {
				ALWAYS_SEARCH_USER_PATHS = NO;
				CLANG_CXX_LANGUAGE_STANDARD = "gnu++0x";
				CLANG_CXX_LIBRARY = "libc++";
				CLANG_ENABLE_MODULES = YES;
				CLANG_ENABLE_OBJC_ARC = YES;
				CLANG_WARN_BOOL_CONVERSION = YES;
				CLANG_WARN_CONSTANT_CONVERSION = YES;
				CLANG_WARN_DIRECT_OBJC_ISA_USAGE = YES_ERROR;
				CLANG_WARN_EMPTY_BODY = YES;
				CLANG_WARN_ENUM_CONVERSION = YES;
				CLANG_WARN_INT_CONVERSION = YES;
				CLANG_WARN_OBJC_ROOT_CLASS = YES_ERROR;
				CLANG_WARN_UNREACHABLE_CODE = YES;
				CLANG_WARN__DUPLICATE_METHOD_MATCH = YES;
				CODE_SIGN_IDENTITY = "-";
				COPY_PHASE_STRIP = NO;
				DEBUG_INFORMATION_FORMAT = dwarf;
				ENABLE_STRICT_OBJC_MSGSEND = YES;
				GCC_C_LANGUAGE_STANDARD = gnu99;
				GCC_DYNAMIC_NO_PIC = NO;
				GCC_NO_COMMON_BLOCKS = YES;
				GCC_OPTIMIZATION_LEVEL = 0;
				GCC_PREPROCESSOR_DEFINITIONS = (
					"DEBUG=1",
					"$(inherited)",
				);
				GCC_SYMBOLS_PRIVATE_EXTERN = NO;
				GCC_WARN_64_TO_32_BIT_CONVERSION = YES;
				GCC_WARN_ABOUT_RETURN_TYPE = YES_ERROR;
				GCC_WARN_UNDECLARED_SELECTOR = YES;
				GCC_WARN_UNINITIALIZED_AUTOS = YES_AGGRESSIVE;
				GCC_WARN_UNUSED_FUNCTION = YES;
				GCC_WARN_UNUSED_VARIABLE = YES;
				MACOSX_DEPLOYMENT_TARGET = 10.11;
				MTL_ENABLE_DEBUG_INFO = YES;
				ONLY_ACTIVE_ARCH = YES;
				SDKROOT = macosx;
			};
			name = Debug;
		};
		4CA95CAB1BCAF68100AD6D7C /* Release */ = {
			isa = XCBuildConfiguration;
			buildSettings = {
				ALWAYS_SEARCH_USER_PATHS = NO;
				CLANG_CXX_LANGUAGE_STANDARD = "gnu++0x";
				CLANG_CXX_LIBRARY = "libc++";
				CLANG_ENABLE_MODULES = YES;
				CLANG_ENABLE_OBJC_ARC = YES;
				CLANG_WARN_BOOL_CONVERSION = YES;
				CLANG_WARN_CONSTANT_CONVERSION = YES;
				CLANG_WARN_DIRECT_OBJC_ISA_USAGE = YES_ERROR;
				CLANG_WARN_EMPTY_BODY = YES;
				CLANG_WARN_ENUM_CONVERSION = YES;
				CLANG_WARN_INT_CONVERSION = YES;
				CLANG_WARN_OBJC_ROOT_CLASS = YES_ERROR;
				CLANG_WARN_UNREACHABLE_CODE = YES;
				CLANG_WARN__DUPLICATE_METHOD_MATCH = YES;
				CODE_SIGN_IDENTITY = "-";
				COPY_PHASE_STRIP = NO;
				DEBUG_INFORMATION_FORMAT = "dwarf-with-dsym";
				ENABLE_NS_ASSERTIONS = NO;
				ENABLE_STRICT_OBJC_MSGSEND = YES;
				GCC_C_LANGUAGE_STANDARD = gnu99;
				GCC_NO_COMMON_BLOCKS = YES;
				GCC_WARN_64_TO_32_BIT_CONVERSION = YES;
				GCC_WARN_ABOUT_RETURN_TYPE = YES_ERROR;
				GCC_WARN_UNDECLARED_SELECTOR = YES;
				GCC_WARN_UNINITIALIZED_AUTOS = YES_AGGRESSIVE;
				GCC_WARN_UNUSED_FUNCTION = YES;
				GCC_WARN_UNUSED_VARIABLE = YES;
				MACOSX_DEPLOYMENT_TARGET = 10.11;
				MTL_ENABLE_DEBUG_INFO = NO;
				SDKROOT = macosx;
			};
			name = Release;
		};
		4CA95CAD1BCAF68100AD6D7C /* Debug */ = {
			isa = XCBuildConfiguration;
			buildSettings = {
				ASSETCATALOG_COMPILER_APPICON_NAME = AppIcon;
				COMBINE_HIDPI_IMAGES = YES;
				INFOPLIST_FILE = TrackMix/Info.plist;
				LD_RUNPATH_SEARCH_PATHS = "$(inherited) @executable_path/../Frameworks";
				PRODUCT_NAME = "$(TARGET_NAME)";
			};
			name = Debug;
		};
		4CA95CAE1BCAF68100AD6D7C /* Release */ = {
			isa = XCBuildConfiguration;
			buildSettings = {
				ASSETCATALOG_COMPILER_APPICON_NAME = AppIcon;
				COMBINE_HIDPI_IMAGES = YES;
				INFOPLIST_FILE = TrackMix/Info.plist;
				LD_RUNPATH_SEARCH_PATHS = "$(inherited) @executable_path/../Frameworks";
				PRODUCT_NAME = "$(TARGET_NAME)";
			};
			name = Release;
		};
		4CA95CB01BCAF68100AD6D7C /* Debug */ = {
			isa = XCBuildConfiguration;
			buildSettings = {
				BUNDLE_LOADER = "$(TEST_HOST)";
				COMBINE_HIDPI_IMAGES = YES;
				FRAMEWORK_SEARCH_PATHS = (
					"$(DEVELOPER_FRAMEWORKS_DIR)",
					"$(inherited)",
				);
				GCC_PREPROCESSOR_DEFINITIONS = (
					"DEBUG=1",
					"$(inherited)",
				);
				INFOPLIST_FILE = TrackMixTests/Info.plist;
				LD_RUNPATH_SEARCH_PATHS = "$(inherited) @executable_path/../Frameworks @loader_path/../Frameworks";
				PRODUCT_NAME = "$(TARGET_NAME)";
				TEST_HOST = "$(BUILT_PRODUCTS_DIR)/TrackMix.app/Contents/MacOS/TrackMix";
			};
			name = Debug;
		};
		4CA95CB11BCAF68100AD6D7C /* Release */ = {
			isa = XCBuildConfiguration;
			buildSettings = {
				BUNDLE_LOADER = "$(TEST_HOST)";
				COMBINE_HIDPI_IMAGES = YES;
				FRAMEWORK_SEARCH_PATHS = (
					"$(DEVELOPER_FRAMEWORKS_DIR)",
					"$(inherited)",
				);
				INFOPLIST_FILE = TrackMixTests/Info.plist;
				LD_RUNPATH_SEARCH_PATHS = "$(inherited) @executable_path/../Frameworks @loader_path/../Frameworks";
				PRODUCT_NAME = "$(TARGET_NAME)";
				TEST_HOST = "$(BUILT_PRODUCTS_DIR)/TrackMix.app/Contents/MacOS/TrackMix";
			};
			name = Release;
		};
/* End XCBuildConfiguration section */

/* Begin XCConfigurationList section */
		4CA95C8A1BCAF68100AD6D7C /* Build configuration list for PBXProject "TrackMix" */ = {
			isa = XCConfigurationList;
			buildConfigurations = (
				4CA95CAA1BCAF68100AD6D7C /* Debug */,
				4CA95CAB1BCAF68100AD6D7C /* Release */,
			);
			defaultConfigurationIsVisible = 0;
			defaultConfigurationName = Release;
		};
		4CA95CAC1BCAF68100AD6D7C /* Build configuration list for PBXNativeTarget "TrackMix" */ = {
			isa = XCConfigurationList;
			buildConfigurations = (
				4CA95CAD1BCAF68100AD6D7C /* Debug */,
				4CA95CAE1BCAF68100AD6D7C /* Release */,
			);
			defaultConfigurationIsVisible = 0;
		};
		4CA95CAF1BCAF68100AD6D7C /* Build configuration list for PBXNativeTarget "TrackMixTests" */ = {
			isa = XCConfigurationList;
			buildConfigurations = (
				4CA95CB01BCAF68100AD6D7C /* Debug */,
				4CA95CB11BCAF68100AD6D7C /* Release */,
			);
			defaultConfigurationIsVisible = 0;
		};
/* End XCConfigurationList section */
	};
	rootObject = 4CA95C871BCAF68100AD6D7C /* Project object */;
}
